
Microsoft Visual Studio Solution File, Format Version 12.00
# Visual Studio Version 17
VisualStudioVersion = 17.8.34525.116
MinimumVisualStudioVersion = 10.0.40219.1
Project("{FAE04EC0-301F-11D3-BF4B-00C04F79EFBC}") = "Reciever", "Reciever.csproj", "{A73D2602-9419-4795-B744-821FE9F6077F}"
EndProject
Global
	GlobalSection(SolutionConfigurationPlatforms) = preSolution
		Debug|Any CPU = Debug|Any CPU
		Release|Any CPU = Release|Any CPU
	EndGlobalSection
	GlobalSection(ProjectConfigurationPlatforms) = postSolution
		{A73D2602-9419-4795-B744-821FE9F6077F}.Debug|Any CPU.ActiveCfg = Debug|Any CPU
		{A73D2602-9419-4795-B744-821FE9F6077F}.Debug|Any CPU.Build.0 = Debug|Any CPU
		{A73D2602-9419-4795-B744-821FE9F6077F}.Release|Any CPU.ActiveCfg = Release|Any CPU
		{A73D2602-9419-4795-B744-821FE9F6077F}.Release|Any CPU.Build.0 = Release|Any CPU
	EndGlobalSection
	GlobalSection(SolutionProperties) = preSolution
		HideSolutionNode = FALSE
	EndGlobalSection
	GlobalSection(ExtensibilityGlobals) = postSolution
		SolutionGuid = {CFA38999-42CA-4D89-9184-6162518D5B15}
	EndGlobalSection
EndGlobal
