
Microsoft Visual Studio Solution File, Format Version 12.00
# Visual Studio Version 17
VisualStudioVersion = 17.9.34728.123
MinimumVisualStudioVersion = 10.0.40219.1
Project("{FAE04EC0-301F-11D3-BF4B-00C04F79EFBC}") = "SSE", "SSE.csproj", "{5A4447E8-0585-4608-B01F-4F5576359929}"
EndProject
Global
	GlobalSection(SolutionConfigurationPlatforms) = preSolution
		Debug|Any CPU = Debug|Any CPU
		Release|Any CPU = Release|Any CPU
	EndGlobalSection
	GlobalSection(ProjectConfigurationPlatforms) = postSolution
		{5A4447E8-0585-4608-B01F-4F5576359929}.Debug|Any CPU.ActiveCfg = Debug|Any CPU
		{5A4447E8-0585-4608-B01F-4F5576359929}.Debug|Any CPU.Build.0 = Debug|Any CPU
		{5A4447E8-0585-4608-B01F-4F5576359929}.Release|Any CPU.ActiveCfg = Release|Any CPU
		{5A4447E8-0585-4608-B01F-4F5576359929}.Release|Any CPU.Build.0 = Release|Any CPU
	EndGlobalSection
	GlobalSection(SolutionProperties) = preSolution
		HideSolutionNode = FALSE
	EndGlobalSection
	GlobalSection(ExtensibilityGlobals) = postSolution
		SolutionGuid = {D4523110-418C-49CE-AF50-F8E5D040DCB8}
	EndGlobalSection
EndGlobal
