
Microsoft Visual Studio Solution File, Format Version 12.00
# Visual Studio Version 17
VisualStudioVersion = 17.8.34525.116
MinimumVisualStudioVersion = 10.0.40219.1
Project("{FAE04EC0-301F-11D3-BF4B-00C04F79EFBC}") = "retriever", "retriever.csproj", "{A7B451B2-87B9-491C-B337-A3D14646CC00}"
EndProject
Global
	GlobalSection(SolutionConfigurationPlatforms) = preSolution
		Debug|Any CPU = Debug|Any CPU
		Release|Any CPU = Release|Any CPU
	EndGlobalSection
	GlobalSection(ProjectConfigurationPlatforms) = postSolution
		{A7B451B2-87B9-491C-B337-A3D14646CC00}.Debug|Any CPU.ActiveCfg = Debug|Any CPU
		{A7B451B2-87B9-491C-B337-A3D14646CC00}.Debug|Any CPU.Build.0 = Debug|Any CPU
		{A7B451B2-87B9-491C-B337-A3D14646CC00}.Release|Any CPU.ActiveCfg = Release|Any CPU
		{A7B451B2-87B9-491C-B337-A3D14646CC00}.Release|Any CPU.Build.0 = Release|Any CPU
	EndGlobalSection
	GlobalSection(SolutionProperties) = preSolution
		HideSolutionNode = FALSE
	EndGlobalSection
	GlobalSection(ExtensibilityGlobals) = postSolution
		SolutionGuid = {423364A7-3965-4FF4-BE6F-A2D5AE496DDB}
	EndGlobalSection
EndGlobal
